
Microsoft Visual Studio Solution File, Format Version 12.00
# Visual Studio Version 16
VisualStudioVersion = 16.0.31729.503
MinimumVisualStudioVersion = 10.0.40219.1
Project("{888888A0-9F3D-457C-B088-3A5042F75D52}") = "WebProjectQR", "WebProjectQR\WebProjectQR.pyproj", "{104A23E9-1A4F-4D5C-BB78-78C0E3692452}"
EndProject
Global
	GlobalSection(SolutionConfigurationPlatforms) = preSolution
		Debug|Any CPU = Debug|Any CPU
		Release|Any CPU = Release|Any CPU
	EndGlobalSection
	GlobalSection(ProjectConfigurationPlatforms) = postSolution
		{104A23E9-1A4F-4D5C-BB78-78C0E3692452}.Debug|Any CPU.ActiveCfg = Debug|Any CPU
		{104A23E9-1A4F-4D5C-BB78-78C0E3692452}.Debug|Any CPU.Build.0 = Debug|Any CPU
		{104A23E9-1A4F-4D5C-BB78-78C0E3692452}.Release|Any CPU.ActiveCfg = Release|Any CPU
		{104A23E9-1A4F-4D5C-BB78-78C0E3692452}.Release|Any CPU.Build.0 = Release|Any CPU
	EndGlobalSection
	GlobalSection(SolutionProperties) = preSolution
		HideSolutionNode = FALSE
	EndGlobalSection
	GlobalSection(ExtensibilityGlobals) = postSolution
		SolutionGuid = {C669FC4C-D1CD-4B89-85B6-1DC057898F18}
	EndGlobalSection
EndGlobal
